{
  "pins" : [
    {
      "identity" : "swiftyjsonlines",
      "kind" : "remoteSourceControl",
      "location" : "https://github.com/fumito-ito/SwiftyJSONLines.git",
      "state" : {
        "revision" : "fb957dada1e920b6916c7083e99895f8f7fc885a",
        "version" : "0.0.3"
      }
    }
  ],
  "version" : 2
}
